
Microsoft Visual Studio Solution File, Format Version 12.00
# Visual Studio Version 16
VisualStudioVersion = 16.0.30114.105
MinimumVisualStudioVersion = 10.0.40219.1
Project("{FAE04EC0-301F-11D3-BF4B-00C04F79EFBC}") = "PrimeService", "PrimeService\PrimeService.csproj", "{FD381A35-D184-42F6-91DA-9E46C9B4AE35}"
EndProject
Project("{FAE04EC0-301F-11D3-BF4B-00C04F79EFBC}") = "PrimeService.Tests", "PrimeService.Tests\PrimeService.Tests.csproj", "{2005B768-BF6C-483C-82BA-85B7EBF60A88}"
EndProject
Global
	GlobalSection(SolutionConfigurationPlatforms) = preSolution
		Debug|Any CPU = Debug|Any CPU
		Release|Any CPU = Release|Any CPU
	EndGlobalSection
	GlobalSection(SolutionProperties) = preSolution
		HideSolutionNode = FALSE
	EndGlobalSection
	GlobalSection(ProjectConfigurationPlatforms) = postSolution
		{FD381A35-D184-42F6-91DA-9E46C9B4AE35}.Debug|Any CPU.ActiveCfg = Debug|Any CPU
		{FD381A35-D184-42F6-91DA-9E46C9B4AE35}.Debug|Any CPU.Build.0 = Debug|Any CPU
		{FD381A35-D184-42F6-91DA-9E46C9B4AE35}.Release|Any CPU.ActiveCfg = Release|Any CPU
		{FD381A35-D184-42F6-91DA-9E46C9B4AE35}.Release|Any CPU.Build.0 = Release|Any CPU
		{2005B768-BF6C-483C-82BA-85B7EBF60A88}.Debug|Any CPU.ActiveCfg = Debug|Any CPU
		{2005B768-BF6C-483C-82BA-85B7EBF60A88}.Debug|Any CPU.Build.0 = Debug|Any CPU
		{2005B768-BF6C-483C-82BA-85B7EBF60A88}.Release|Any CPU.ActiveCfg = Release|Any CPU
		{2005B768-BF6C-483C-82BA-85B7EBF60A88}.Release|Any CPU.Build.0 = Release|Any CPU
	EndGlobalSection
EndGlobal
